
Microsoft Visual Studio Solution File, Format Version 12.00
# Visual Studio Version 17
VisualStudioVersion = 17.0.32014.148
MinimumVisualStudioVersion = 10.0.40219.1
Project("{FAE04EC0-301F-11D3-BF4B-00C04F79EFBC}") = "AoC-7", "AoC-7\AoC-7.csproj", "{6B1F61EE-E1E1-4850-90EC-74CE1D5B74F9}"
EndProject
Global
	GlobalSection(SolutionConfigurationPlatforms) = preSolution
		Debug|Any CPU = Debug|Any CPU
		Release|Any CPU = Release|Any CPU
	EndGlobalSection
	GlobalSection(ProjectConfigurationPlatforms) = postSolution
		{6B1F61EE-E1E1-4850-90EC-74CE1D5B74F9}.Debug|Any CPU.ActiveCfg = Debug|Any CPU
		{6B1F61EE-E1E1-4850-90EC-74CE1D5B74F9}.Debug|Any CPU.Build.0 = Debug|Any CPU
		{6B1F61EE-E1E1-4850-90EC-74CE1D5B74F9}.Release|Any CPU.ActiveCfg = Release|Any CPU
		{6B1F61EE-E1E1-4850-90EC-74CE1D5B74F9}.Release|Any CPU.Build.0 = Release|Any CPU
	EndGlobalSection
	GlobalSection(SolutionProperties) = preSolution
		HideSolutionNode = FALSE
	EndGlobalSection
	GlobalSection(ExtensibilityGlobals) = postSolution
		SolutionGuid = {DE147F79-0911-4A5F-82A1-A6EEAD9B5A2F}
	EndGlobalSection
EndGlobal
